
Microsoft Visual Studio Solution File, Format Version 12.00
# Visual Studio 15
Project("{FAE04EC0-301F-11D3-BF4B-00C04F79EFBC}") = "Assembly-CSharp", "Assembly-CSharp.csproj", "{158D0937-1968-E4AF-8C7E-D1C57DBBFA3D}"
EndProject
Project("{FAE04EC0-301F-11D3-BF4B-00C04F79EFBC}") = "Assembly-CSharp-Editor", "Assembly-CSharp-Editor.csproj", "{9F5A1790-F2A5-F35B-3A3A-66BE023FE3E2}"
EndProject
Global
	GlobalSection(SolutionConfigurationPlatforms) = preSolution
		Debug|Any CPU = Debug|Any CPU
		Release|Any CPU = Release|Any CPU
	EndGlobalSection
	GlobalSection(ProjectConfigurationPlatforms) = postSolution
		{158D0937-1968-E4AF-8C7E-D1C57DBBFA3D}.Debug|Any CPU.ActiveCfg = Debug|Any CPU
		{158D0937-1968-E4AF-8C7E-D1C57DBBFA3D}.Debug|Any CPU.Build.0 = Debug|Any CPU
		{158D0937-1968-E4AF-8C7E-D1C57DBBFA3D}.Release|Any CPU.ActiveCfg = Release|Any CPU
		{158D0937-1968-E4AF-8C7E-D1C57DBBFA3D}.Release|Any CPU.Build.0 = Release|Any CPU
		{9F5A1790-F2A5-F35B-3A3A-66BE023FE3E2}.Debug|Any CPU.ActiveCfg = Debug|Any CPU
		{9F5A1790-F2A5-F35B-3A3A-66BE023FE3E2}.Debug|Any CPU.Build.0 = Debug|Any CPU
		{9F5A1790-F2A5-F35B-3A3A-66BE023FE3E2}.Release|Any CPU.ActiveCfg = Release|Any CPU
		{9F5A1790-F2A5-F35B-3A3A-66BE023FE3E2}.Release|Any CPU.Build.0 = Release|Any CPU
	EndGlobalSection
	GlobalSection(SolutionProperties) = preSolution
		HideSolutionNode = FALSE
	EndGlobalSection
EndGlobal
